{
  "version": 4,
  "terraform_version": "1.1.4",
  "serial": 446,
  "lineage": "2c441413-ed96-d6b9-8e50-d13dcadd391c",
  "outputs": {
    "FirewallFQDN": {
      "value": "https://azurerm_public_ip.PublicIP_0.fqdn",
      "type": "string"
    },
    "FirewallIP": {
      "value": "https://azurerm_public_ip.PublicIP_0.ip_address",
      "type": "string"
    },
    "WebFQDN": {
      "value": "http://azurerm_public_ip.PublicIP_1.fqdn",
      "type": "string"
    },
    "WebIP": {
      "value": "http://azurerm_public_ip.PublicIP_1.ip_address",
      "type": "string"
    }
  },
  "resources": [
    {
      "mode": "managed",
      "type": "azurerm_network_interface",
      "name": "VNIC0",
      "provider": "provider[\"registry.terraform.io/hashicorp/azurerm\"]",
      "instances": [
        {
          "schema_version": 0,
          "attributes": {
            "applied_dns_servers": [],
            "dns_servers": [],
            "edge_zone": "",
            "enable_accelerated_networking": false,
            "enable_ip_forwarding": false,
            "id": "/subscriptions/33054b7c-3142-41c9-b5d0-6b9ff231c333/resourceGroups/vvrg12/providers/Microsoft.Network/networkInterfaces/FWeth0",
            "internal_dns_name_label": "",
            "internal_domain_name_suffix": "mhfphlb4mjpevnnuxrm1mxtlic.jx.internal.cloudapp.net",
            "ip_configuration": [
              {
                "gateway_load_balancer_frontend_ip_configuration_id": "",
                "name": "ipconfig0",
                "primary": true,
                "private_ip_address": "10.5.0.4",
                "private_ip_address_allocation": "Static",
                "private_ip_address_version": "IPv4",
                "public_ip_address_id": "/subscriptions/33054b7c-3142-41c9-b5d0-6b9ff231c333/resourceGroups/vvrg12/providers/Microsoft.Network/publicIPAddresses/fwPublicIP",
                "subnet_id": "/subscriptions/33054b7c-3142-41c9-b5d0-6b9ff231c333/resourceGroups/vvrg12/providers/Microsoft.Network/virtualNetworks/vnet1/subnets/Mgmt"
              }
            ],
            "location": "southcentralus",
            "mac_address": "",
            "name": "FWeth0",
            "private_ip_address": "10.5.0.4",
            "private_ip_addresses": [
              "10.5.0.4"
            ],
            "resource_group_name": "vvrg12",
            "tags": {
              "displayName": "NetworkInterfaces0"
            },
            "timeouts": null,
            "virtual_machine_id": ""
          },
          "sensitive_attributes": [],
          "private": "eyJlMmJmYjczMC1lY2FhLTExZTYtOGY4OC0zNDM2M2JjN2M0YzAiOnsiY3JlYXRlIjoxODAwMDAwMDAwMDAwLCJkZWxldGUiOjE4MDAwMDAwMDAwMDAsInJlYWQiOjMwMDAwMDAwMDAwMCwidXBkYXRlIjoxODAwMDAwMDAwMDAwfX0=",
          "dependencies": [
            "azurerm_public_ip.PublicIP_0",
            "azurerm_resource_group.PAN_FW_RG",
            "azurerm_subnet.PAN_FW_Subnet0",
            "azurerm_virtual_network.PAN_FW_VNET"
          ]
        }
      ]
    },
    {
      "mode": "managed",
      "type": "azurerm_network_interface",
      "name": "VNIC0_DB",
      "provider": "provider[\"registry.terraform.io/hashicorp/azurerm\"]",
      "instances": [
        {
          "schema_version": 0,
          "attributes": {
            "applied_dns_servers": [],
            "dns_servers": [],
            "edge_zone": "",
            "enable_accelerated_networking": false,
            "enable_ip_forwarding": false,
            "id": "/subscriptions/33054b7c-3142-41c9-b5d0-6b9ff231c333/resourceGroups/vvrg12/providers/Microsoft.Network/networkInterfaces/DBeth0",
            "internal_dns_name_label": "",
            "internal_domain_name_suffix": "mhfphlb4mjpevnnuxrm1mxtlic.jx.internal.cloudapp.net",
            "ip_configuration": [
              {
                "gateway_load_balancer_frontend_ip_configuration_id": "",
                "name": "ipconfig4",
                "primary": true,
                "private_ip_address": "10.5.4.5",
                "private_ip_address_allocation": "Static",
                "private_ip_address_version": "IPv4",
                "public_ip_address_id": "",
                "subnet_id": "/subscriptions/33054b7c-3142-41c9-b5d0-6b9ff231c333/resourceGroups/vvrg12/providers/Microsoft.Network/virtualNetworks/vnet1/subnets/DB"
              }
            ],
            "location": "southcentralus",
            "mac_address": "",
            "name": "DBeth0",
            "private_ip_address": "10.5.4.5",
            "private_ip_addresses": [
              "10.5.4.5"
            ],
            "resource_group_name": "vvrg12",
            "tags": {
              "displayName": "NetworkInterfaces4"
            },
            "timeouts": null,
            "virtual_machine_id": ""
          },
          "sensitive_attributes": [],
          "private": "eyJlMmJmYjczMC1lY2FhLTExZTYtOGY4OC0zNDM2M2JjN2M0YzAiOnsiY3JlYXRlIjoxODAwMDAwMDAwMDAwLCJkZWxldGUiOjE4MDAwMDAwMDAwMDAsInJlYWQiOjMwMDAwMDAwMDAwMCwidXBkYXRlIjoxODAwMDAwMDAwMDAwfX0=",
          "dependencies": [
            "azurerm_resource_group.PAN_FW_RG",
            "azurerm_subnet.PAN_FW_Subnet4",
            "azurerm_virtual_network.PAN_FW_VNET"
          ]
        }
      ]
    },
    {
      "mode": "managed",
      "type": "azurerm_network_interface",
      "name": "VNIC0_Web",
      "provider": "provider[\"registry.terraform.io/hashicorp/azurerm\"]",
      "instances": [
        {
          "schema_version": 0,
          "attributes": {
            "applied_dns_servers": [],
            "dns_servers": [],
            "edge_zone": "",
            "enable_accelerated_networking": false,
            "enable_ip_forwarding": false,
            "id": "/subscriptions/33054b7c-3142-41c9-b5d0-6b9ff231c333/resourceGroups/vvrg12/providers/Microsoft.Network/networkInterfaces/Webeth0",
            "internal_dns_name_label": "",
            "internal_domain_name_suffix": "mhfphlb4mjpevnnuxrm1mxtlic.jx.internal.cloudapp.net",
            "ip_configuration": [
              {
                "gateway_load_balancer_frontend_ip_configuration_id": "",
                "name": "ipconfig3",
                "primary": true,
                "private_ip_address": "10.5.3.5",
                "private_ip_address_allocation": "Static",
                "private_ip_address_version": "IPv4",
                "public_ip_address_id": "",
                "subnet_id": "/subscriptions/33054b7c-3142-41c9-b5d0-6b9ff231c333/resourceGroups/vvrg12/providers/Microsoft.Network/virtualNetworks/vnet1/subnets/Web"
              }
            ],
            "location": "southcentralus",
            "mac_address": "",
            "name": "Webeth0",
            "private_ip_address": "10.5.3.5",
            "private_ip_addresses": [
              "10.5.3.5"
            ],
            "resource_group_name": "vvrg12",
            "tags": {
              "displayName": "NetworkInterfaces3"
            },
            "timeouts": null,
            "virtual_machine_id": ""
          },
          "sensitive_attributes": [],
          "private": "eyJlMmJmYjczMC1lY2FhLTExZTYtOGY4OC0zNDM2M2JjN2M0YzAiOnsiY3JlYXRlIjoxODAwMDAwMDAwMDAwLCJkZWxldGUiOjE4MDAwMDAwMDAwMDAsInJlYWQiOjMwMDAwMDAwMDAwMCwidXBkYXRlIjoxODAwMDAwMDAwMDAwfX0=",
          "dependencies": [
            "azurerm_resource_group.PAN_FW_RG",
            "azurerm_subnet.PAN_FW_Subnet3",
            "azurerm_virtual_network.PAN_FW_VNET"
          ]
        }
      ]
    },
    {
      "mode": "managed",
      "type": "azurerm_network_interface",
      "name": "VNIC1",
      "provider": "provider[\"registry.terraform.io/hashicorp/azurerm\"]",
      "instances": [
        {
          "schema_version": 0,
          "attributes": {
            "applied_dns_servers": [],
            "dns_servers": [],
            "edge_zone": "",
            "enable_accelerated_networking": false,
            "enable_ip_forwarding": true,
            "id": "/subscriptions/33054b7c-3142-41c9-b5d0-6b9ff231c333/resourceGroups/vvrg12/providers/Microsoft.Network/networkInterfaces/FWeth1",
            "internal_dns_name_label": "",
            "internal_domain_name_suffix": "mhfphlb4mjpevnnuxrm1mxtlic.jx.internal.cloudapp.net",
            "ip_configuration": [
              {
                "gateway_load_balancer_frontend_ip_configuration_id": "",
                "name": "ipconfig1",
                "primary": true,
                "private_ip_address": "10.5.1.4",
                "private_ip_address_allocation": "Static",
                "private_ip_address_version": "IPv4",
                "public_ip_address_id": "/subscriptions/33054b7c-3142-41c9-b5d0-6b9ff231c333/resourceGroups/vvrg12/providers/Microsoft.Network/publicIPAddresses/WebPublicIP",
                "subnet_id": "/subscriptions/33054b7c-3142-41c9-b5d0-6b9ff231c333/resourceGroups/vvrg12/providers/Microsoft.Network/virtualNetworks/vnet1/subnets/Untrust"
              }
            ],
            "location": "southcentralus",
            "mac_address": "",
            "name": "FWeth1",
            "private_ip_address": "10.5.1.4",
            "private_ip_addresses": [
              "10.5.1.4"
            ],
            "resource_group_name": "vvrg12",
            "tags": {
              "displayName": "NetworkInterfaces1"
            },
            "timeouts": null,
            "virtual_machine_id": ""
          },
          "sensitive_attributes": [],
          "private": "eyJlMmJmYjczMC1lY2FhLTExZTYtOGY4OC0zNDM2M2JjN2M0YzAiOnsiY3JlYXRlIjoxODAwMDAwMDAwMDAwLCJkZWxldGUiOjE4MDAwMDAwMDAwMDAsInJlYWQiOjMwMDAwMDAwMDAwMCwidXBkYXRlIjoxODAwMDAwMDAwMDAwfX0=",
          "dependencies": [
            "azurerm_public_ip.PublicIP_1",
            "azurerm_resource_group.PAN_FW_RG",
            "azurerm_subnet.PAN_FW_Subnet1",
            "azurerm_virtual_network.PAN_FW_VNET"
          ]
        }
      ]
    },
    {
      "mode": "managed",
      "type": "azurerm_network_interface",
      "name": "VNIC2",
      "provider": "provider[\"registry.terraform.io/hashicorp/azurerm\"]",
      "instances": [
        {
          "schema_version": 0,
          "attributes": {
            "applied_dns_servers": [],
            "dns_servers": [],
            "edge_zone": "",
            "enable_accelerated_networking": false,
            "enable_ip_forwarding": true,
            "id": "/subscriptions/33054b7c-3142-41c9-b5d0-6b9ff231c333/resourceGroups/vvrg12/providers/Microsoft.Network/networkInterfaces/FWeth2",
            "internal_dns_name_label": "",
            "internal_domain_name_suffix": "mhfphlb4mjpevnnuxrm1mxtlic.jx.internal.cloudapp.net",
            "ip_configuration": [
              {
                "gateway_load_balancer_frontend_ip_configuration_id": "",
                "name": "ipconfig2",
                "primary": true,
                "private_ip_address": "10.5.2.4",
                "private_ip_address_allocation": "Static",
                "private_ip_address_version": "IPv4",
                "public_ip_address_id": "",
                "subnet_id": "/subscriptions/33054b7c-3142-41c9-b5d0-6b9ff231c333/resourceGroups/vvrg12/providers/Microsoft.Network/virtualNetworks/vnet1/subnets/Trust"
              }
            ],
            "location": "southcentralus",
            "mac_address": "",
            "name": "FWeth2",
            "private_ip_address": "10.5.2.4",
            "private_ip_addresses": [
              "10.5.2.4"
            ],
            "resource_group_name": "vvrg12",
            "tags": {
              "displayName": "NetworkInterfaces2"
            },
            "timeouts": null,
            "virtual_machine_id": ""
          },
          "sensitive_attributes": [],
          "private": "eyJlMmJmYjczMC1lY2FhLTExZTYtOGY4OC0zNDM2M2JjN2M0YzAiOnsiY3JlYXRlIjoxODAwMDAwMDAwMDAwLCJkZWxldGUiOjE4MDAwMDAwMDAwMDAsInJlYWQiOjMwMDAwMDAwMDAwMCwidXBkYXRlIjoxODAwMDAwMDAwMDAwfX0=",
          "dependencies": [
            "azurerm_resource_group.PAN_FW_RG",
            "azurerm_subnet.PAN_FW_Subnet2",
            "azurerm_virtual_network.PAN_FW_VNET"
          ]
        }
      ]
    },
    {
      "mode": "managed",
      "type": "azurerm_network_security_group",
      "name": "PAN_FW_NSG",
      "provider": "provider[\"registry.terraform.io/hashicorp/azurerm\"]",
      "instances": [
        {
          "schema_version": 0,
          "attributes": {
            "id": "/subscriptions/33054b7c-3142-41c9-b5d0-6b9ff231c333/resourceGroups/vvrg12/providers/Microsoft.Network/networkSecurityGroups/DefaultNSG",
            "location": "southcentralus",
            "name": "DefaultNSG",
            "resource_group_name": "vvrg12",
            "security_rule": [
              {
                "access": "Allow",
                "description": "",
                "destination_address_prefix": "*",
                "destination_address_prefixes": [],
                "destination_application_security_group_ids": [],
                "destination_port_range": "*",
                "destination_port_ranges": [],
                "direction": "Inbound",
                "name": "Allow-Intra",
                "priority": 101,
                "protocol": "*",
                "source_address_prefix": "10.5.0.0/16",
                "source_address_prefixes": [],
                "source_application_security_group_ids": [],
                "source_port_range": "*",
                "source_port_ranges": []
              },
              {
                "access": "Allow",
                "description": "",
                "destination_address_prefix": "*",
                "destination_address_prefixes": [],
                "destination_application_security_group_ids": [],
                "destination_port_range": "*",
                "destination_port_ranges": [],
                "direction": "Inbound",
                "name": "Allow-Outside-From-IP",
                "priority": 100,
                "protocol": "*",
                "source_address_prefix": "0.0.0.0/0",
                "source_address_prefixes": [],
                "source_application_security_group_ids": [],
                "source_port_range": "*",
                "source_port_ranges": []
              },
              {
                "access": "Allow",
                "description": "",
                "destination_address_prefix": "0.0.0.0/0",
                "destination_address_prefixes": [],
                "destination_application_security_group_ids": [],
                "destination_port_range": "*",
                "destination_port_ranges": [],
                "direction": "Outbound",
                "name": "AllowInternetOutbound",
                "priority": 4001,
                "protocol": "*",
                "source_address_prefix": "*",
                "source_address_prefixes": [],
                "source_application_security_group_ids": [],
                "source_port_range": "*",
                "source_port_ranges": []
              },
              {
                "access": "Allow",
                "description": "",
                "destination_address_prefix": "10.5.0.0/16",
                "destination_address_prefixes": [],
                "destination_application_security_group_ids": [],
                "destination_port_range": "*",
                "destination_port_ranges": [],
                "direction": "Outbound",
                "name": "AllowVnetOutbound",
                "priority": 4000,
                "protocol": "*",
                "source_address_prefix": "10.5.0.0/16",
                "source_address_prefixes": [],
                "source_application_security_group_ids": [],
                "source_port_range": "*",
                "source_port_ranges": []
              },
              {
                "access": "Deny",
                "description": "",
                "destination_address_prefix": "*",
                "destination_address_prefixes": [],
                "destination_application_security_group_ids": [],
                "destination_port_range": "*",
                "destination_port_ranges": [],
                "direction": "Inbound",
                "name": "Deafult-Deny",
                "priority": 200,
                "protocol": "*",
                "source_address_prefix": "*",
                "source_address_prefixes": [],
                "source_application_security_group_ids": [],
                "source_port_range": "*",
                "source_port_ranges": []
              },
              {
                "access": "Deny",
                "description": "",
                "destination_address_prefix": "*",
                "destination_address_prefixes": [],
                "destination_application_security_group_ids": [],
                "destination_port_range": "*",
                "destination_port_ranges": [],
                "direction": "Outbound",
                "name": "DenyAllOutbound",
                "priority": 4095,
                "protocol": "*",
                "source_address_prefix": "*",
                "source_address_prefixes": [],
                "source_application_security_group_ids": [],
                "source_port_range": "*",
                "source_port_ranges": []
              }
            ],
            "tags": {
              "environment": "Production"
            },
            "timeouts": null
          },
          "sensitive_attributes": [],
          "private": "eyJlMmJmYjczMC1lY2FhLTExZTYtOGY4OC0zNDM2M2JjN2M0YzAiOnsiY3JlYXRlIjoxODAwMDAwMDAwMDAwLCJkZWxldGUiOjE4MDAwMDAwMDAwMDAsInJlYWQiOjMwMDAwMDAwMDAwMCwidXBkYXRlIjoxODAwMDAwMDAwMDAwfX0=",
          "dependencies": [
            "azurerm_resource_group.PAN_FW_RG"
          ]
        }
      ]
    },
    {
      "mode": "managed",
      "type": "azurerm_public_ip",
      "name": "PublicIP_0",
      "provider": "provider[\"registry.terraform.io/hashicorp/azurerm\"]",
      "instances": [
        {
          "schema_version": 0,
          "attributes": {
            "allocation_method": "Dynamic",
            "domain_name_label": null,
            "edge_zone": "",
            "fqdn": null,
            "id": "/subscriptions/33054b7c-3142-41c9-b5d0-6b9ff231c333/resourceGroups/vvrg12/providers/Microsoft.Network/publicIPAddresses/fwPublicIP",
            "idle_timeout_in_minutes": 4,
            "ip_address": "",
            "ip_tags": null,
            "ip_version": "IPv4",
            "location": "southcentralus",
            "name": "fwPublicIP",
            "public_ip_prefix_id": null,
            "resource_group_name": "vvrg12",
            "reverse_fqdn": null,
            "sku": "Basic",
            "sku_tier": "Regional",
            "tags": null,
            "timeouts": null,
            "zones": null
          },
          "sensitive_attributes": [],
          "private": "eyJlMmJmYjczMC1lY2FhLTExZTYtOGY4OC0zNDM2M2JjN2M0YzAiOnsiY3JlYXRlIjoxODAwMDAwMDAwMDAwLCJkZWxldGUiOjE4MDAwMDAwMDAwMDAsInJlYWQiOjMwMDAwMDAwMDAwMCwidXBkYXRlIjoxODAwMDAwMDAwMDAwfX0=",
          "dependencies": [
            "azurerm_resource_group.PAN_FW_RG"
          ]
        }
      ]
    },
    {
      "mode": "managed",
      "type": "azurerm_public_ip",
      "name": "PublicIP_1",
      "provider": "provider[\"registry.terraform.io/hashicorp/azurerm\"]",
      "instances": [
        {
          "schema_version": 0,
          "attributes": {
            "allocation_method": "Dynamic",
            "domain_name_label": "pan-web8193",
            "edge_zone": "",
            "fqdn": "pan-web8193.southcentralus.cloudapp.azure.com",
            "id": "/subscriptions/33054b7c-3142-41c9-b5d0-6b9ff231c333/resourceGroups/vvrg12/providers/Microsoft.Network/publicIPAddresses/WebPublicIP",
            "idle_timeout_in_minutes": 4,
            "ip_address": "",
            "ip_tags": null,
            "ip_version": "IPv4",
            "location": "southcentralus",
            "name": "WebPublicIP",
            "public_ip_prefix_id": null,
            "resource_group_name": "vvrg12",
            "reverse_fqdn": "",
            "sku": "Basic",
            "sku_tier": "Regional",
            "tags": null,
            "timeouts": null,
            "zones": null
          },
          "sensitive_attributes": [],
          "private": "eyJlMmJmYjczMC1lY2FhLTExZTYtOGY4OC0zNDM2M2JjN2M0YzAiOnsiY3JlYXRlIjoxODAwMDAwMDAwMDAwLCJkZWxldGUiOjE4MDAwMDAwMDAwMDAsInJlYWQiOjMwMDAwMDAwMDAwMCwidXBkYXRlIjoxODAwMDAwMDAwMDAwfX0=",
          "dependencies": [
            "azurerm_resource_group.PAN_FW_RG"
          ]
        }
      ]
    },
    {
      "mode": "managed",
      "type": "azurerm_resource_group",
      "name": "PAN_FW_RG",
      "provider": "provider[\"registry.terraform.io/hashicorp/azurerm\"]",
      "instances": [
        {
          "schema_version": 0,
          "attributes": {
            "id": "/subscriptions/33054b7c-3142-41c9-b5d0-6b9ff231c333/resourceGroups/vvrg12",
            "location": "southcentralus",
            "name": "vvrg12",
            "tags": null,
            "timeouts": null
          },
          "sensitive_attributes": [],
          "private": "eyJlMmJmYjczMC1lY2FhLTExZTYtOGY4OC0zNDM2M2JjN2M0YzAiOnsiY3JlYXRlIjo1NDAwMDAwMDAwMDAwLCJkZWxldGUiOjU0MDAwMDAwMDAwMDAsInJlYWQiOjMwMDAwMDAwMDAwMCwidXBkYXRlIjo1NDAwMDAwMDAwMDAwfX0="
        }
      ]
    },
    {
      "mode": "managed",
      "type": "azurerm_resource_group_template_deployment",
      "name": "DBlinkedTemplate",
      "provider": "provider[\"registry.terraform.io/hashicorp/azurerm\"]",
      "instances": []
    },
    {
      "mode": "managed",
      "type": "azurerm_resource_group_template_deployment",
      "name": "WeblinkedTemplate",
      "provider": "provider[\"registry.terraform.io/hashicorp/azurerm\"]",
      "instances": []
    },
    {
      "mode": "managed",
      "type": "azurerm_route_table",
      "name": "PAN_FW_RT_DB",
      "provider": "provider[\"registry.terraform.io/hashicorp/azurerm\"]",
      "instances": [
        {
          "schema_version": 0,
          "attributes": {
            "disable_bgp_route_propagation": false,
            "id": "/subscriptions/33054b7c-3142-41c9-b5d0-6b9ff231c333/resourceGroups/vvrg12/providers/Microsoft.Network/routeTables/DB-to-FW",
            "location": "southcentralus",
            "name": "DB-to-FW",
            "resource_group_name": "vvrg12",
            "route": [
              {
                "address_prefix": "0.0.0.0/0",
                "name": "DB-default-route",
                "next_hop_in_ip_address": "10.5.2.4",
                "next_hop_type": "VirtualAppliance"
              },
              {
                "address_prefix": "10.5.3.0/24",
                "name": "DB-to-Firewall-Web",
                "next_hop_in_ip_address": "10.5.2.4",
                "next_hop_type": "VirtualAppliance"
              }
            ],
            "subnets": [],
            "tags": {
              "environment": "Production"
            },
            "timeouts": null
          },
          "sensitive_attributes": [],
          "private": "eyJlMmJmYjczMC1lY2FhLTExZTYtOGY4OC0zNDM2M2JjN2M0YzAiOnsiY3JlYXRlIjoxODAwMDAwMDAwMDAwLCJkZWxldGUiOjE4MDAwMDAwMDAwMDAsInJlYWQiOjMwMDAwMDAwMDAwMCwidXBkYXRlIjoxODAwMDAwMDAwMDAwfX0=",
          "dependencies": [
            "azurerm_resource_group.PAN_FW_RG"
          ]
        }
      ]
    },
    {
      "mode": "managed",
      "type": "azurerm_route_table",
      "name": "PAN_FW_RT_Trust",
      "provider": "provider[\"registry.terraform.io/hashicorp/azurerm\"]",
      "instances": [
        {
          "schema_version": 0,
          "attributes": {
            "disable_bgp_route_propagation": false,
            "id": "/subscriptions/33054b7c-3142-41c9-b5d0-6b9ff231c333/resourceGroups/vvrg12/providers/Microsoft.Network/routeTables/Trust-to-intranetwork",
            "location": "southcentralus",
            "name": "Trust-to-intranetwork",
            "resource_group_name": "vvrg12",
            "route": [
              {
                "address_prefix": "0.0.0.0/0",
                "name": "Trust-to-intranetwork",
                "next_hop_in_ip_address": "10.5.2.4",
                "next_hop_type": "VirtualAppliance"
              }
            ],
            "subnets": [],
            "tags": {
              "environment": "Production"
            },
            "timeouts": null
          },
          "sensitive_attributes": [],
          "private": "eyJlMmJmYjczMC1lY2FhLTExZTYtOGY4OC0zNDM2M2JjN2M0YzAiOnsiY3JlYXRlIjoxODAwMDAwMDAwMDAwLCJkZWxldGUiOjE4MDAwMDAwMDAwMDAsInJlYWQiOjMwMDAwMDAwMDAwMCwidXBkYXRlIjoxODAwMDAwMDAwMDAwfX0=",
          "dependencies": [
            "azurerm_resource_group.PAN_FW_RG"
          ]
        }
      ]
    },
    {
      "mode": "managed",
      "type": "azurerm_route_table",
      "name": "PAN_FW_RT_Web",
      "provider": "provider[\"registry.terraform.io/hashicorp/azurerm\"]",
      "instances": [
        {
          "schema_version": 0,
          "attributes": {
            "disable_bgp_route_propagation": false,
            "id": "/subscriptions/33054b7c-3142-41c9-b5d0-6b9ff231c333/resourceGroups/vvrg12/providers/Microsoft.Network/routeTables/Web-to-FW",
            "location": "southcentralus",
            "name": "Web-to-FW",
            "resource_group_name": "vvrg12",
            "route": [
              {
                "address_prefix": "0.0.0.0/0",
                "name": "Web-default-route",
                "next_hop_in_ip_address": "10.5.2.4",
                "next_hop_type": "VirtualAppliance"
              },
              {
                "address_prefix": "10.5.4.0/24",
                "name": "Web-to-Firewall-DB",
                "next_hop_in_ip_address": "10.5.2.4",
                "next_hop_type": "VirtualAppliance"
              }
            ],
            "subnets": [],
            "tags": {
              "environment": "Production"
            },
            "timeouts": null
          },
          "sensitive_attributes": [],
          "private": "eyJlMmJmYjczMC1lY2FhLTExZTYtOGY4OC0zNDM2M2JjN2M0YzAiOnsiY3JlYXRlIjoxODAwMDAwMDAwMDAwLCJkZWxldGUiOjE4MDAwMDAwMDAwMDAsInJlYWQiOjMwMDAwMDAwMDAwMCwidXBkYXRlIjoxODAwMDAwMDAwMDAwfX0=",
          "dependencies": [
            "azurerm_resource_group.PAN_FW_RG"
          ]
        }
      ]
    },
    {
      "mode": "managed",
      "type": "azurerm_storage_account",
      "name": "PAN_FW_STG_AC",
      "provider": "provider[\"registry.terraform.io/hashicorp/azurerm\"]",
      "instances": [
        {
          "schema_version": 3,
          "attributes": {
            "access_tier": "Hot",
            "account_kind": "StorageV2",
            "account_replication_type": "LRS",
            "account_tier": "Standard",
            "allow_nested_items_to_be_public": true,
            "azure_files_authentication": [],
            "blob_properties": [
              {
                "change_feed_enabled": false,
                "container_delete_retention_policy": [],
                "cors_rule": [],
                "default_service_version": "",
                "delete_retention_policy": [],
                "last_access_time_enabled": false,
                "versioning_enabled": false
              }
            ],
            "cross_tenant_replication_enabled": true,
            "custom_domain": [],
            "customer_managed_key": [],
            "edge_zone": "",
            "enable_https_traffic_only": true,
            "id": "/subscriptions/33054b7c-3142-41c9-b5d0-6b9ff231c333/resourceGroups/vvrg12/providers/Microsoft.Storage/storageAccounts/panstorage0012",
            "identity": [],
            "infrastructure_encryption_enabled": false,
            "is_hns_enabled": false,
            "large_file_share_enabled": null,
            "location": "southcentralus",
            "min_tls_version": "TLS1_2",
            "name": "panstorage0012",
            "network_rules": [
              {
                "bypass": [
                  "AzureServices"
                ],
                "default_action": "Allow",
                "ip_rules": [],
                "private_link_access": [],
                "virtual_network_subnet_ids": []
              }
            ],
            "nfsv3_enabled": false,
            "primary_access_key": "ab1IxxXQAm8LHIFL/4W50+ZYW3EqkjBpBaCXiXj64tjGgoBpVLvDq+1KyKPfqOVM2D+80uZ9Swm0+ASt/ir/CA==",
            "primary_blob_connection_string": "DefaultEndpointsProtocol=https;BlobEndpoint=https://panstorage0012.blob.core.windows.net/;AccountName=panstorage0012;AccountKey=ab1IxxXQAm8LHIFL/4W50+ZYW3EqkjBpBaCXiXj64tjGgoBpVLvDq+1KyKPfqOVM2D+80uZ9Swm0+ASt/ir/CA==",
            "primary_blob_endpoint": "https://panstorage0012.blob.core.windows.net/",
            "primary_blob_host": "panstorage0012.blob.core.windows.net",
            "primary_connection_string": "DefaultEndpointsProtocol=https;AccountName=panstorage0012;AccountKey=ab1IxxXQAm8LHIFL/4W50+ZYW3EqkjBpBaCXiXj64tjGgoBpVLvDq+1KyKPfqOVM2D+80uZ9Swm0+ASt/ir/CA==;EndpointSuffix=core.windows.net",
            "primary_dfs_endpoint": "https://panstorage0012.dfs.core.windows.net/",
            "primary_dfs_host": "panstorage0012.dfs.core.windows.net",
            "primary_file_endpoint": "https://panstorage0012.file.core.windows.net/",
            "primary_file_host": "panstorage0012.file.core.windows.net",
            "primary_location": "southcentralus",
            "primary_queue_endpoint": "https://panstorage0012.queue.core.windows.net/",
            "primary_queue_host": "panstorage0012.queue.core.windows.net",
            "primary_table_endpoint": "https://panstorage0012.table.core.windows.net/",
            "primary_table_host": "panstorage0012.table.core.windows.net",
            "primary_web_endpoint": "https://panstorage0012.z21.web.core.windows.net/",
            "primary_web_host": "panstorage0012.z21.web.core.windows.net",
            "queue_encryption_key_type": "Service",
            "queue_properties": [
              {
                "cors_rule": [],
                "hour_metrics": [
                  {
                    "enabled": true,
                    "include_apis": true,
                    "retention_policy_days": 7,
                    "version": "1.0"
                  }
                ],
                "logging": [
                  {
                    "delete": false,
                    "read": false,
                    "retention_policy_days": 0,
                    "version": "1.0",
                    "write": false
                  }
                ],
                "minute_metrics": [
                  {
                    "enabled": false,
                    "include_apis": false,
                    "retention_policy_days": 0,
                    "version": "1.0"
                  }
                ]
              }
            ],
            "resource_group_name": "vvrg12",
            "routing": [],
            "secondary_access_key": "d3GMx0dX3+9Vo2Xwh8HPFp/2Dy7EbrPKiG8zT86Q5l7iTpSweGfU3wBRkTId2kJvbTHRhWkEFvFt+AStLQ7XuA==",
            "secondary_blob_connection_string": "",
            "secondary_blob_endpoint": null,
            "secondary_blob_host": null,
            "secondary_connection_string": "DefaultEndpointsProtocol=https;AccountName=panstorage0012;AccountKey=d3GMx0dX3+9Vo2Xwh8HPFp/2Dy7EbrPKiG8zT86Q5l7iTpSweGfU3wBRkTId2kJvbTHRhWkEFvFt+AStLQ7XuA==;EndpointSuffix=core.windows.net",
            "secondary_dfs_endpoint": null,
            "secondary_dfs_host": null,
            "secondary_file_endpoint": null,
            "secondary_file_host": null,
            "secondary_location": "",
            "secondary_queue_endpoint": null,
            "secondary_queue_host": null,
            "secondary_table_endpoint": null,
            "secondary_table_host": null,
            "secondary_web_endpoint": null,
            "secondary_web_host": null,
            "share_properties": [
              {
                "cors_rule": [],
                "retention_policy": [
                  {
                    "days": 7
                  }
                ],
                "smb": []
              }
            ],
            "shared_access_key_enabled": true,
            "static_website": [],
            "table_encryption_key_type": "Service",
            "tags": null,
            "timeouts": null
          },
          "sensitive_attributes": [],
          "private": "eyJlMmJmYjczMC1lY2FhLTExZTYtOGY4OC0zNDM2M2JjN2M0YzAiOnsiY3JlYXRlIjozNjAwMDAwMDAwMDAwLCJkZWxldGUiOjM2MDAwMDAwMDAwMDAsInJlYWQiOjMwMDAwMDAwMDAwMCwidXBkYXRlIjozNjAwMDAwMDAwMDAwfSwic2NoZW1hX3ZlcnNpb24iOiIzIn0=",
          "dependencies": [
            "azurerm_resource_group.PAN_FW_RG"
          ]
        }
      ]
    },
    {
      "mode": "managed",
      "type": "azurerm_subnet",
      "name": "PAN_FW_Subnet0",
      "provider": "provider[\"registry.terraform.io/hashicorp/azurerm\"]",
      "instances": [
        {
          "schema_version": 0,
          "attributes": {
            "address_prefixes": [
              "10.5.0.0/24"
            ],
            "delegation": [],
            "enforce_private_link_endpoint_network_policies": false,
            "enforce_private_link_service_network_policies": false,
            "id": "/subscriptions/33054b7c-3142-41c9-b5d0-6b9ff231c333/resourceGroups/vvrg12/providers/Microsoft.Network/virtualNetworks/vnet1/subnets/Mgmt",
            "name": "Mgmt",
            "resource_group_name": "vvrg12",
            "service_endpoint_policy_ids": null,
            "service_endpoints": null,
            "timeouts": null,
            "virtual_network_name": "vnet1"
          },
          "sensitive_attributes": [],
          "private": "eyJlMmJmYjczMC1lY2FhLTExZTYtOGY4OC0zNDM2M2JjN2M0YzAiOnsiY3JlYXRlIjoxODAwMDAwMDAwMDAwLCJkZWxldGUiOjE4MDAwMDAwMDAwMDAsInJlYWQiOjMwMDAwMDAwMDAwMCwidXBkYXRlIjoxODAwMDAwMDAwMDAwfX0=",
          "dependencies": [
            "azurerm_resource_group.PAN_FW_RG",
            "azurerm_virtual_network.PAN_FW_VNET"
          ]
        }
      ]
    },
    {
      "mode": "managed",
      "type": "azurerm_subnet",
      "name": "PAN_FW_Subnet1",
      "provider": "provider[\"registry.terraform.io/hashicorp/azurerm\"]",
      "instances": [
        {
          "schema_version": 0,
          "attributes": {
            "address_prefixes": [
              "10.5.1.0/24"
            ],
            "delegation": [],
            "enforce_private_link_endpoint_network_policies": false,
            "enforce_private_link_service_network_policies": false,
            "id": "/subscriptions/33054b7c-3142-41c9-b5d0-6b9ff231c333/resourceGroups/vvrg12/providers/Microsoft.Network/virtualNetworks/vnet1/subnets/Untrust",
            "name": "Untrust",
            "resource_group_name": "vvrg12",
            "service_endpoint_policy_ids": null,
            "service_endpoints": null,
            "timeouts": null,
            "virtual_network_name": "vnet1"
          },
          "sensitive_attributes": [],
          "private": "eyJlMmJmYjczMC1lY2FhLTExZTYtOGY4OC0zNDM2M2JjN2M0YzAiOnsiY3JlYXRlIjoxODAwMDAwMDAwMDAwLCJkZWxldGUiOjE4MDAwMDAwMDAwMDAsInJlYWQiOjMwMDAwMDAwMDAwMCwidXBkYXRlIjoxODAwMDAwMDAwMDAwfX0=",
          "dependencies": [
            "azurerm_resource_group.PAN_FW_RG",
            "azurerm_virtual_network.PAN_FW_VNET"
          ]
        }
      ]
    },
    {
      "mode": "managed",
      "type": "azurerm_subnet",
      "name": "PAN_FW_Subnet2",
      "provider": "provider[\"registry.terraform.io/hashicorp/azurerm\"]",
      "instances": [
        {
          "schema_version": 0,
          "attributes": {
            "address_prefixes": [
              "10.5.2.0/24"
            ],
            "delegation": [],
            "enforce_private_link_endpoint_network_policies": false,
            "enforce_private_link_service_network_policies": false,
            "id": "/subscriptions/33054b7c-3142-41c9-b5d0-6b9ff231c333/resourceGroups/vvrg12/providers/Microsoft.Network/virtualNetworks/vnet1/subnets/Trust",
            "name": "Trust",
            "resource_group_name": "vvrg12",
            "service_endpoint_policy_ids": null,
            "service_endpoints": null,
            "timeouts": null,
            "virtual_network_name": "vnet1"
          },
          "sensitive_attributes": [],
          "private": "eyJlMmJmYjczMC1lY2FhLTExZTYtOGY4OC0zNDM2M2JjN2M0YzAiOnsiY3JlYXRlIjoxODAwMDAwMDAwMDAwLCJkZWxldGUiOjE4MDAwMDAwMDAwMDAsInJlYWQiOjMwMDAwMDAwMDAwMCwidXBkYXRlIjoxODAwMDAwMDAwMDAwfX0=",
          "dependencies": [
            "azurerm_resource_group.PAN_FW_RG",
            "azurerm_virtual_network.PAN_FW_VNET"
          ]
        }
      ]
    },
    {
      "mode": "managed",
      "type": "azurerm_subnet",
      "name": "PAN_FW_Subnet3",
      "provider": "provider[\"registry.terraform.io/hashicorp/azurerm\"]",
      "instances": [
        {
          "schema_version": 0,
          "attributes": {
            "address_prefixes": [
              "10.5.3.0/24"
            ],
            "delegation": [],
            "enforce_private_link_endpoint_network_policies": false,
            "enforce_private_link_service_network_policies": false,
            "id": "/subscriptions/33054b7c-3142-41c9-b5d0-6b9ff231c333/resourceGroups/vvrg12/providers/Microsoft.Network/virtualNetworks/vnet1/subnets/Web",
            "name": "Web",
            "resource_group_name": "vvrg12",
            "service_endpoint_policy_ids": null,
            "service_endpoints": null,
            "timeouts": null,
            "virtual_network_name": "vnet1"
          },
          "sensitive_attributes": [],
          "private": "eyJlMmJmYjczMC1lY2FhLTExZTYtOGY4OC0zNDM2M2JjN2M0YzAiOnsiY3JlYXRlIjoxODAwMDAwMDAwMDAwLCJkZWxldGUiOjE4MDAwMDAwMDAwMDAsInJlYWQiOjMwMDAwMDAwMDAwMCwidXBkYXRlIjoxODAwMDAwMDAwMDAwfX0=",
          "dependencies": [
            "azurerm_resource_group.PAN_FW_RG",
            "azurerm_virtual_network.PAN_FW_VNET"
          ]
        }
      ]
    },
    {
      "mode": "managed",
      "type": "azurerm_subnet",
      "name": "PAN_FW_Subnet4",
      "provider": "provider[\"registry.terraform.io/hashicorp/azurerm\"]",
      "instances": [
        {
          "schema_version": 0,
          "attributes": {
            "address_prefixes": [
              "10.5.4.0/24"
            ],
            "delegation": [],
            "enforce_private_link_endpoint_network_policies": false,
            "enforce_private_link_service_network_policies": false,
            "id": "/subscriptions/33054b7c-3142-41c9-b5d0-6b9ff231c333/resourceGroups/vvrg12/providers/Microsoft.Network/virtualNetworks/vnet1/subnets/DB",
            "name": "DB",
            "resource_group_name": "vvrg12",
            "service_endpoint_policy_ids": null,
            "service_endpoints": null,
            "timeouts": null,
            "virtual_network_name": "vnet1"
          },
          "sensitive_attributes": [],
          "private": "eyJlMmJmYjczMC1lY2FhLTExZTYtOGY4OC0zNDM2M2JjN2M0YzAiOnsiY3JlYXRlIjoxODAwMDAwMDAwMDAwLCJkZWxldGUiOjE4MDAwMDAwMDAwMDAsInJlYWQiOjMwMDAwMDAwMDAwMCwidXBkYXRlIjoxODAwMDAwMDAwMDAwfX0=",
          "dependencies": [
            "azurerm_resource_group.PAN_FW_RG",
            "azurerm_virtual_network.PAN_FW_VNET"
          ]
        }
      ]
    },
    {
      "mode": "managed",
      "type": "azurerm_subnet_network_security_group_association",
      "name": "example",
      "provider": "provider[\"registry.terraform.io/hashicorp/azurerm\"]",
      "instances": [
        {
          "schema_version": 0,
          "attributes": {
            "id": "/subscriptions/33054b7c-3142-41c9-b5d0-6b9ff231c333/resourceGroups/vvrg12/providers/Microsoft.Network/virtualNetworks/vnet1/subnets/Mgmt",
            "network_security_group_id": "/subscriptions/33054b7c-3142-41c9-b5d0-6b9ff231c333/resourceGroups/vvrg12/providers/Microsoft.Network/networkSecurityGroups/DefaultNSG",
            "subnet_id": "/subscriptions/33054b7c-3142-41c9-b5d0-6b9ff231c333/resourceGroups/vvrg12/providers/Microsoft.Network/virtualNetworks/vnet1/subnets/Mgmt",
            "timeouts": null
          },
          "sensitive_attributes": [],
          "private": "eyJlMmJmYjczMC1lY2FhLTExZTYtOGY4OC0zNDM2M2JjN2M0YzAiOnsiY3JlYXRlIjoxODAwMDAwMDAwMDAwLCJkZWxldGUiOjE4MDAwMDAwMDAwMDAsInJlYWQiOjMwMDAwMDAwMDAwMCwidXBkYXRlIjoxODAwMDAwMDAwMDAwfX0=",
          "dependencies": [
            "azurerm_network_security_group.PAN_FW_NSG",
            "azurerm_resource_group.PAN_FW_RG",
            "azurerm_subnet.PAN_FW_Subnet0",
            "azurerm_virtual_network.PAN_FW_VNET"
          ]
        }
      ]
    },
    {
      "mode": "managed",
      "type": "azurerm_subnet_network_security_group_association",
      "name": "example1",
      "provider": "provider[\"registry.terraform.io/hashicorp/azurerm\"]",
      "instances": [
        {
          "schema_version": 0,
          "attributes": {
            "id": "/subscriptions/33054b7c-3142-41c9-b5d0-6b9ff231c333/resourceGroups/vvrg12/providers/Microsoft.Network/virtualNetworks/vnet1/subnets/Untrust",
            "network_security_group_id": "/subscriptions/33054b7c-3142-41c9-b5d0-6b9ff231c333/resourceGroups/vvrg12/providers/Microsoft.Network/networkSecurityGroups/DefaultNSG",
            "subnet_id": "/subscriptions/33054b7c-3142-41c9-b5d0-6b9ff231c333/resourceGroups/vvrg12/providers/Microsoft.Network/virtualNetworks/vnet1/subnets/Untrust",
            "timeouts": null
          },
          "sensitive_attributes": [],
          "private": "eyJlMmJmYjczMC1lY2FhLTExZTYtOGY4OC0zNDM2M2JjN2M0YzAiOnsiY3JlYXRlIjoxODAwMDAwMDAwMDAwLCJkZWxldGUiOjE4MDAwMDAwMDAwMDAsInJlYWQiOjMwMDAwMDAwMDAwMCwidXBkYXRlIjoxODAwMDAwMDAwMDAwfX0=",
          "dependencies": [
            "azurerm_network_security_group.PAN_FW_NSG",
            "azurerm_resource_group.PAN_FW_RG",
            "azurerm_subnet.PAN_FW_Subnet1",
            "azurerm_virtual_network.PAN_FW_VNET"
          ]
        }
      ]
    },
    {
      "mode": "managed",
      "type": "azurerm_subnet_route_table_association",
      "name": "example2",
      "provider": "provider[\"registry.terraform.io/hashicorp/azurerm\"]",
      "instances": [
        {
          "schema_version": 0,
          "attributes": {
            "id": "/subscriptions/33054b7c-3142-41c9-b5d0-6b9ff231c333/resourceGroups/vvrg12/providers/Microsoft.Network/virtualNetworks/vnet1/subnets/Trust",
            "route_table_id": "/subscriptions/33054b7c-3142-41c9-b5d0-6b9ff231c333/resourceGroups/vvrg12/providers/Microsoft.Network/routeTables/Trust-to-intranetwork",
            "subnet_id": "/subscriptions/33054b7c-3142-41c9-b5d0-6b9ff231c333/resourceGroups/vvrg12/providers/Microsoft.Network/virtualNetworks/vnet1/subnets/Trust",
            "timeouts": null
          },
          "sensitive_attributes": [],
          "private": "eyJlMmJmYjczMC1lY2FhLTExZTYtOGY4OC0zNDM2M2JjN2M0YzAiOnsiY3JlYXRlIjoxODAwMDAwMDAwMDAwLCJkZWxldGUiOjE4MDAwMDAwMDAwMDAsInJlYWQiOjMwMDAwMDAwMDAwMCwidXBkYXRlIjoxODAwMDAwMDAwMDAwfX0=",
          "dependencies": [
            "azurerm_resource_group.PAN_FW_RG",
            "azurerm_route_table.PAN_FW_RT_Trust",
            "azurerm_subnet.PAN_FW_Subnet2",
            "azurerm_virtual_network.PAN_FW_VNET"
          ]
        }
      ]
    },
    {
      "mode": "managed",
      "type": "azurerm_virtual_machine",
      "name": "PAN_FW_DB",
      "provider": "provider[\"registry.terraform.io/hashicorp/azurerm\"]",
      "instances": [
        {
          "schema_version": 0,
          "attributes": {
            "additional_capabilities": [],
            "availability_set_id": null,
            "boot_diagnostics": [],
            "delete_data_disks_on_termination": false,
            "delete_os_disk_on_termination": false,
            "id": "/subscriptions/33054b7c-3142-41c9-b5d0-6b9ff231c333/resourceGroups/vvrg12/providers/Microsoft.Compute/virtualMachines/database-vm",
            "identity": [],
            "license_type": null,
            "location": "southcentralus",
            "name": "database-vm",
            "network_interface_ids": [
              "/subscriptions/33054b7c-3142-41c9-b5d0-6b9ff231c333/resourceGroups/vvrg12/providers/Microsoft.Network/networkInterfaces/DBeth0"
            ],
            "os_profile": [
              {
                "admin_password": "",
                "admin_username": "paloalto",
                "computer_name": "database-vm",
                "custom_data": ""
              }
            ],
            "os_profile_linux_config": [
              {
                "disable_password_authentication": false,
                "ssh_keys": []
              }
            ],
            "os_profile_secrets": [],
            "os_profile_windows_config": [],
            "plan": [],
            "primary_network_interface_id": null,
            "proximity_placement_group_id": null,
            "resource_group_name": "vvrg12",
            "storage_data_disk": [],
            "storage_image_reference": [
              {
                "id": "",
                "offer": "UbuntuServer",
                "publisher": "Canonical",
                "sku": "16.04-LTS",
                "version": "latest"
              }
            ],
            "storage_os_disk": [
              {
                "caching": "ReadWrite",
                "create_option": "FromImage",
                "disk_size_gb": 30,
                "image_uri": "",
                "managed_disk_id": "",
                "managed_disk_type": "",
                "name": "web-osdisk",
                "os_type": "Linux",
                "vhd_uri": "https://panstorage0012.blob.core.windows.net/vhds/osdisk-DB.vhd",
                "write_accelerator_enabled": false
              }
            ],
            "tags": {
              "environment": "staging"
            },
            "timeouts": null,
            "vm_size": "Standard_DS3_v2",
            "zones": null
          },
          "sensitive_attributes": [],
          "private": "eyJlMmJmYjczMC1lY2FhLTExZTYtOGY4OC0zNDM2M2JjN2M0YzAiOnsiY3JlYXRlIjozNjAwMDAwMDAwMDAwLCJkZWxldGUiOjM2MDAwMDAwMDAwMDAsInJlYWQiOjMwMDAwMDAwMDAwMCwidXBkYXRlIjozNjAwMDAwMDAwMDAwfX0=",
          "dependencies": [
            "azurerm_network_interface.VNIC0",
            "azurerm_network_interface.VNIC0_DB",
            "azurerm_network_interface.VNIC1",
            "azurerm_network_interface.VNIC2",
            "azurerm_public_ip.PublicIP_0",
            "azurerm_public_ip.PublicIP_1",
            "azurerm_resource_group.PAN_FW_RG",
            "azurerm_storage_account.PAN_FW_STG_AC",
            "azurerm_subnet.PAN_FW_Subnet0",
            "azurerm_subnet.PAN_FW_Subnet1",
            "azurerm_subnet.PAN_FW_Subnet2",
            "azurerm_subnet.PAN_FW_Subnet4",
            "azurerm_virtual_network.PAN_FW_VNET"
          ]
        }
      ]
    },
    {
      "mode": "managed",
      "type": "azurerm_virtual_machine",
      "name": "PAN_FW_FW",
      "provider": "provider[\"registry.terraform.io/hashicorp/azurerm\"]",
      "instances": [
        {
          "schema_version": 0,
          "attributes": {
            "additional_capabilities": [],
            "availability_set_id": null,
            "boot_diagnostics": [],
            "delete_data_disks_on_termination": false,
            "delete_os_disk_on_termination": false,
            "id": "/subscriptions/33054b7c-3142-41c9-b5d0-6b9ff231c333/resourceGroups/vvrg12/providers/Microsoft.Compute/virtualMachines/vvPANW",
            "identity": [],
            "license_type": null,
            "location": "southcentralus",
            "name": "vvPANW",
            "network_interface_ids": [
              "/subscriptions/33054b7c-3142-41c9-b5d0-6b9ff231c333/resourceGroups/vvrg12/providers/Microsoft.Network/networkInterfaces/FWeth0",
              "/subscriptions/33054b7c-3142-41c9-b5d0-6b9ff231c333/resourceGroups/vvrg12/providers/Microsoft.Network/networkInterfaces/FWeth1",
              "/subscriptions/33054b7c-3142-41c9-b5d0-6b9ff231c333/resourceGroups/vvrg12/providers/Microsoft.Network/networkInterfaces/FWeth2"
            ],
            "os_profile": [
              {
                "admin_password": "",
                "admin_username": "paloalto",
                "computer_name": "vvPANW",
                "custom_data": ""
              }
            ],
            "os_profile_linux_config": [
              {
                "disable_password_authentication": false,
                "ssh_keys": []
              }
            ],
            "os_profile_secrets": [],
            "os_profile_windows_config": [],
            "plan": [
              {
                "name": "bundle2",
                "product": "vmseries1",
                "publisher": "paloaltonetworks"
              }
            ],
            "primary_network_interface_id": "/subscriptions/33054b7c-3142-41c9-b5d0-6b9ff231c333/resourceGroups/vvrg12/providers/Microsoft.Network/networkInterfaces/FWeth0",
            "proximity_placement_group_id": null,
            "resource_group_name": "vvrg12",
            "storage_data_disk": [],
            "storage_image_reference": [
              {
                "id": "",
                "offer": "vmseries1",
                "publisher": "paloaltonetworks",
                "sku": "bundle2",
                "version": "latest"
              }
            ],
            "storage_os_disk": [
              {
                "caching": "ReadWrite",
                "create_option": "FromImage",
                "disk_size_gb": 60,
                "image_uri": "",
                "managed_disk_id": "",
                "managed_disk_type": "",
                "name": "vvPANW-osDisk",
                "os_type": "Linux",
                "vhd_uri": "https://panstorage0012.blob.core.windows.net/vhds/vvPANW-vmseries1-bundle2.vhd",
                "write_accelerator_enabled": false
              }
            ],
            "tags": null,
            "timeouts": null,
            "vm_size": "Standard_D3_v2",
            "zones": null
          },
          "sensitive_attributes": [],
          "private": "eyJlMmJmYjczMC1lY2FhLTExZTYtOGY4OC0zNDM2M2JjN2M0YzAiOnsiY3JlYXRlIjozNjAwMDAwMDAwMDAwLCJkZWxldGUiOjM2MDAwMDAwMDAwMDAsInJlYWQiOjMwMDAwMDAwMDAwMCwidXBkYXRlIjozNjAwMDAwMDAwMDAwfX0=",
          "dependencies": [
            "azurerm_network_interface.VNIC0",
            "azurerm_network_interface.VNIC1",
            "azurerm_network_interface.VNIC2",
            "azurerm_public_ip.PublicIP_0",
            "azurerm_public_ip.PublicIP_1",
            "azurerm_resource_group.PAN_FW_RG",
            "azurerm_storage_account.PAN_FW_STG_AC",
            "azurerm_subnet.PAN_FW_Subnet0",
            "azurerm_subnet.PAN_FW_Subnet1",
            "azurerm_subnet.PAN_FW_Subnet2",
            "azurerm_virtual_network.PAN_FW_VNET"
          ]
        }
      ]
    },
    {
      "mode": "managed",
      "type": "azurerm_virtual_machine",
      "name": "PAN_FW_Web",
      "provider": "provider[\"registry.terraform.io/hashicorp/azurerm\"]",
      "instances": [
        {
          "schema_version": 0,
          "attributes": {
            "additional_capabilities": [],
            "availability_set_id": null,
            "boot_diagnostics": [],
            "delete_data_disks_on_termination": false,
            "delete_os_disk_on_termination": false,
            "id": "/subscriptions/33054b7c-3142-41c9-b5d0-6b9ff231c333/resourceGroups/vvrg12/providers/Microsoft.Compute/virtualMachines/webserver-vm",
            "identity": [],
            "license_type": null,
            "location": "southcentralus",
            "name": "webserver-vm",
            "network_interface_ids": [
              "/subscriptions/33054b7c-3142-41c9-b5d0-6b9ff231c333/resourceGroups/vvrg12/providers/Microsoft.Network/networkInterfaces/Webeth0"
            ],
            "os_profile": [
              {
                "admin_password": "",
                "admin_username": "paloalto",
                "computer_name": "web-server-vm",
                "custom_data": ""
              }
            ],
            "os_profile_linux_config": [
              {
                "disable_password_authentication": false,
                "ssh_keys": []
              }
            ],
            "os_profile_secrets": [],
            "os_profile_windows_config": [],
            "plan": [],
            "primary_network_interface_id": null,
            "proximity_placement_group_id": null,
            "resource_group_name": "vvrg12",
            "storage_data_disk": [],
            "storage_image_reference": [
              {
                "id": "",
                "offer": "UbuntuServer",
                "publisher": "Canonical",
                "sku": "16.04-LTS",
                "version": "latest"
              }
            ],
            "storage_os_disk": [
              {
                "caching": "ReadWrite",
                "create_option": "FromImage",
                "disk_size_gb": 30,
                "image_uri": "",
                "managed_disk_id": "",
                "managed_disk_type": "",
                "name": "web-osdisk",
                "os_type": "Linux",
                "vhd_uri": "https://panstorage0012.blob.core.windows.net/vhds/osdisk-Web.vhd",
                "write_accelerator_enabled": false
              }
            ],
            "tags": {
              "environment": "staging"
            },
            "timeouts": null,
            "vm_size": "Standard_DS3_v2",
            "zones": null
          },
          "sensitive_attributes": [],
          "private": "eyJlMmJmYjczMC1lY2FhLTExZTYtOGY4OC0zNDM2M2JjN2M0YzAiOnsiY3JlYXRlIjozNjAwMDAwMDAwMDAwLCJkZWxldGUiOjM2MDAwMDAwMDAwMDAsInJlYWQiOjMwMDAwMDAwMDAwMCwidXBkYXRlIjozNjAwMDAwMDAwMDAwfX0=",
          "dependencies": [
            "azurerm_network_interface.VNIC0",
            "azurerm_network_interface.VNIC0_Web",
            "azurerm_network_interface.VNIC1",
            "azurerm_network_interface.VNIC2",
            "azurerm_public_ip.PublicIP_0",
            "azurerm_public_ip.PublicIP_1",
            "azurerm_resource_group.PAN_FW_RG",
            "azurerm_storage_account.PAN_FW_STG_AC",
            "azurerm_subnet.PAN_FW_Subnet0",
            "azurerm_subnet.PAN_FW_Subnet1",
            "azurerm_subnet.PAN_FW_Subnet2",
            "azurerm_subnet.PAN_FW_Subnet3",
            "azurerm_virtual_network.PAN_FW_VNET"
          ]
        }
      ]
    },
    {
      "mode": "managed",
      "type": "azurerm_virtual_machine_extension",
      "name": "PAN_FW_DB_EXT",
      "provider": "provider[\"registry.terraform.io/hashicorp/azurerm\"]",
      "instances": [
        {
          "schema_version": 0,
          "attributes": {
            "auto_upgrade_minor_version": false,
            "automatic_upgrade_enabled": false,
            "id": "/subscriptions/33054b7c-3142-41c9-b5d0-6b9ff231c333/resourceGroups/vvrg12/providers/Microsoft.Compute/virtualMachines/database-vm/extensions/db-vm-customscript",
            "name": "db-vm-customscript",
            "protected_settings": null,
            "publisher": "Microsoft.Azure.Extensions",
            "settings": "{\"commandToExecute\":\"python config_mysql.py pan-web8193.southcentralus.cloudapp.azure.com\",\"fileUris\":[\"https://raw.githubusercontent.com/PaloAltoNetworks/azure/master/two-tier-sample/config_mysql.py\"]}",
            "tags": null,
            "timeouts": null,
            "type": "CustomScript",
            "type_handler_version": "2.0",
            "virtual_machine_id": "/subscriptions/33054b7c-3142-41c9-b5d0-6b9ff231c333/resourceGroups/vvrg12/providers/Microsoft.Compute/virtualMachines/database-vm"
          },
          "sensitive_attributes": [],
          "private": "eyJlMmJmYjczMC1lY2FhLTExZTYtOGY4OC0zNDM2M2JjN2M0YzAiOnsiY3JlYXRlIjoxODAwMDAwMDAwMDAwLCJkZWxldGUiOjE4MDAwMDAwMDAwMDAsInJlYWQiOjMwMDAwMDAwMDAwMCwidXBkYXRlIjoxODAwMDAwMDAwMDAwfX0=",
          "dependencies": [
            "azurerm_network_interface.VNIC0",
            "azurerm_network_interface.VNIC0_DB",
            "azurerm_network_interface.VNIC1",
            "azurerm_network_interface.VNIC2",
            "azurerm_public_ip.PublicIP_0",
            "azurerm_public_ip.PublicIP_1",
            "azurerm_resource_group.PAN_FW_RG",
            "azurerm_storage_account.PAN_FW_STG_AC",
            "azurerm_subnet.PAN_FW_Subnet0",
            "azurerm_subnet.PAN_FW_Subnet1",
            "azurerm_subnet.PAN_FW_Subnet2",
            "azurerm_subnet.PAN_FW_Subnet4",
            "azurerm_virtual_machine.PAN_FW_DB",
            "azurerm_virtual_network.PAN_FW_VNET"
          ]
        }
      ]
    },
    {
      "mode": "managed",
      "type": "azurerm_virtual_network",
      "name": "PAN_FW_VNET",
      "provider": "provider[\"registry.terraform.io/hashicorp/azurerm\"]",
      "instances": [
        {
          "schema_version": 0,
          "attributes": {
            "address_space": [
              "10.5.0.0/16"
            ],
            "bgp_community": "",
            "ddos_protection_plan": [],
            "dns_servers": [],
            "edge_zone": "",
            "flow_timeout_in_minutes": 0,
            "guid": "acf3ca61-623e-4a5e-b5b4-bc59b65e6b42",
            "id": "/subscriptions/33054b7c-3142-41c9-b5d0-6b9ff231c333/resourceGroups/vvrg12/providers/Microsoft.Network/virtualNetworks/vnet1",
            "location": "southcentralus",
            "name": "vnet1",
            "resource_group_name": "vvrg12",
            "subnet": [],
            "tags": {
              "environment": "Production"
            },
            "timeouts": null
          },
          "sensitive_attributes": [],
          "private": "eyJlMmJmYjczMC1lY2FhLTExZTYtOGY4OC0zNDM2M2JjN2M0YzAiOnsiY3JlYXRlIjoxODAwMDAwMDAwMDAwLCJkZWxldGUiOjE4MDAwMDAwMDAwMDAsInJlYWQiOjMwMDAwMDAwMDAwMCwidXBkYXRlIjoxODAwMDAwMDAwMDAwfX0=",
          "dependencies": [
            "azurerm_resource_group.PAN_FW_RG"
          ]
        }
      ]
    }
  ]
}
